
Microsoft Visual Studio Solution File, Format Version 12.00
# Visual Studio Version 16
VisualStudioVersion = 16.0.31019.35
MinimumVisualStudioVersion = 10.0.40219.1
Project("{FAE04EC0-301F-11D3-BF4B-00C04F79EFBC}") = "SecondGitHubProject", "SecondGitHubProject\SecondGitHubProject.csproj", "{061471D2-9118-4BC0-A181-6B8A78E0DD16}"
EndProject
Global
	GlobalSection(SolutionConfigurationPlatforms) = preSolution
		Debug|Any CPU = Debug|Any CPU
		Release|Any CPU = Release|Any CPU
	EndGlobalSection
	GlobalSection(ProjectConfigurationPlatforms) = postSolution
		{061471D2-9118-4BC0-A181-6B8A78E0DD16}.Debug|Any CPU.ActiveCfg = Debug|Any CPU
		{061471D2-9118-4BC0-A181-6B8A78E0DD16}.Debug|Any CPU.Build.0 = Debug|Any CPU
		{061471D2-9118-4BC0-A181-6B8A78E0DD16}.Release|Any CPU.ActiveCfg = Release|Any CPU
		{061471D2-9118-4BC0-A181-6B8A78E0DD16}.Release|Any CPU.Build.0 = Release|Any CPU
	EndGlobalSection
	GlobalSection(SolutionProperties) = preSolution
		HideSolutionNode = FALSE
	EndGlobalSection
	GlobalSection(ExtensibilityGlobals) = postSolution
		SolutionGuid = {451A3D90-DF31-4697-9507-F1FFE63123E3}
	EndGlobalSection
EndGlobal
